
Microsoft Visual Studio Solution File, Format Version 12.00
# Visual Studio 15
VisualStudioVersion = 15.0.28307.1062
MinimumVisualStudioVersion = 10.0.40219.1
Project("{FAE04EC0-301F-11D3-BF4B-00C04F79EFBC}") = "Samples", "Samples\Samples.csproj", "{D6026861-E1ED-4246-8B3B-4F72254E662D}"
EndProject
Global
	GlobalSection(SolutionConfigurationPlatforms) = preSolution
		Debug|Any CPU = Debug|Any CPU
		Release|Any CPU = Release|Any CPU
	EndGlobalSection
	GlobalSection(ProjectConfigurationPlatforms) = postSolution
		{D6026861-E1ED-4246-8B3B-4F72254E662D}.Debug|Any CPU.ActiveCfg = Debug|Any CPU
		{D6026861-E1ED-4246-8B3B-4F72254E662D}.Debug|Any CPU.Build.0 = Debug|Any CPU
		{D6026861-E1ED-4246-8B3B-4F72254E662D}.Release|Any CPU.ActiveCfg = Release|Any CPU
		{D6026861-E1ED-4246-8B3B-4F72254E662D}.Release|Any CPU.Build.0 = Release|Any CPU
	EndGlobalSection
	GlobalSection(SolutionProperties) = preSolution
		HideSolutionNode = FALSE
	EndGlobalSection
	GlobalSection(ExtensibilityGlobals) = postSolution
		SolutionGuid = {AFA87F19-7022-4FA2-933E-3ACF2037ABE9}
	EndGlobalSection
EndGlobal
